// !$*UTF8*$!
{
	archiveVersion = 1;
	classes = {
	};
	objectVersion = 46;
	objects = {

/* Begin PBXBuildFile section */
		B61054AB18B31D51003AC9E2 /* Parse.framework in Frameworks */ = {isa = PBXBuildFile; fileRef = B61054AA18B31D51003AC9E2 /* Parse.framework */; };
		B61054AC18B31D51003AC9E2 /* Parse.framework in Frameworks */ = {isa = PBXBuildFile; fileRef = B61054AA18B31D51003AC9E2 /* Parse.framework */; };
		B61054AF18B31E2B003AC9E2 /* FLUser.m in Sources */ = {isa = PBXBuildFile; fileRef = B61054AE18B31E2B003AC9E2 /* FLUser.m */; };
		B61054B018B31E2B003AC9E2 /* FLUser.m in Sources */ = {isa = PBXBuildFile; fileRef = B61054AE18B31E2B003AC9E2 /* FLUser.m */; };
		B61054B318B31E44003AC9E2 /* FLActivityType.m in Sources */ = {isa = PBXBuildFile; fileRef = B61054B218B31E44003AC9E2 /* FLActivityType.m */; };
		B61054B418B31E44003AC9E2 /* FLActivityType.m in Sources */ = {isa = PBXBuildFile; fileRef = B61054B218B31E44003AC9E2 /* FLActivityType.m */; };
		B61054B618B31EC0003AC9E2 /* StoreKit.framework in Frameworks */ = {isa = PBXBuildFile; fileRef = B61054B518B31EC0003AC9E2 /* StoreKit.framework */; };
		B61054B818B31EC7003AC9E2 /* QuartzCore.framework in Frameworks */ = {isa = PBXBuildFile; fileRef = B61054B718B31EC7003AC9E2 /* QuartzCore.framework */; };
		B61054BA18B31EDD003AC9E2 /* libz.dylib in Frameworks */ = {isa = PBXBuildFile; fileRef = B61054B918B31EDD003AC9E2 /* libz.dylib */; };
		B61054BC18B31EE9003AC9E2 /* CFNetwork.framework in Frameworks */ = {isa = PBXBuildFile; fileRef = B61054BB18B31EE9003AC9E2 /* CFNetwork.framework */; };
		B61054BE18B31F01003AC9E2 /* AudioToolbox.framework in Frameworks */ = {isa = PBXBuildFile; fileRef = B61054BD18B31F01003AC9E2 /* AudioToolbox.framework */; };
		B6117DB618A2A7C30004826A /* Foundation.framework in Frameworks */ = {isa = PBXBuildFile; fileRef = B6117DB518A2A7C30004826A /* Foundation.framework */; };
		B6117DB818A2A7C30004826A /* CoreGraphics.framework in Frameworks */ = {isa = PBXBuildFile; fileRef = B6117DB718A2A7C30004826A /* CoreGraphics.framework */; };
		B6117DBA18A2A7C30004826A /* UIKit.framework in Frameworks */ = {isa = PBXBuildFile; fileRef = B6117DB918A2A7C30004826A /* UIKit.framework */; };
		B6117DC018A2A7C30004826A /* InfoPlist.strings in Resources */ = {isa = PBXBuildFile; fileRef = B6117DBE18A2A7C30004826A /* InfoPlist.strings */; };
		B6117DC218A2A7C30004826A /* main.m in Sources */ = {isa = PBXBuildFile; fileRef = B6117DC118A2A7C30004826A /* main.m */; };
		B6117DC618A2A7C30004826A /* AppDelegate.m in Sources */ = {isa = PBXBuildFile; fileRef = B6117DC518A2A7C30004826A /* AppDelegate.m */; };
		B6117DC918A2A7C30004826A /* Main.storyboard in Resources */ = {isa = PBXBuildFile; fileRef = B6117DC718A2A7C30004826A /* Main.storyboard */; };
		B6117DD118A2A7C30004826A /* Images.xcassets in Resources */ = {isa = PBXBuildFile; fileRef = B6117DD018A2A7C30004826A /* Images.xcassets */; };
		B6117DD818A2A7C30004826A /* XCTest.framework in Frameworks */ = {isa = PBXBuildFile; fileRef = B6117DD718A2A7C30004826A /* XCTest.framework */; };
		B6117DD918A2A7C30004826A /* Foundation.framework in Frameworks */ = {isa = PBXBuildFile; fileRef = B6117DB518A2A7C30004826A /* Foundation.framework */; };
		B6117DDA18A2A7C30004826A /* UIKit.framework in Frameworks */ = {isa = PBXBuildFile; fileRef = B6117DB918A2A7C30004826A /* UIKit.framework */; };
		B6117DE218A2A7C30004826A /* InfoPlist.strings in Resources */ = {isa = PBXBuildFile; fileRef = B6117DE018A2A7C30004826A /* InfoPlist.strings */; };
		B6117DE418A2A7C30004826A /* fitlogTests.m in Sources */ = {isa = PBXBuildFile; fileRef = B6117DE318A2A7C30004826A /* fitlogTests.m */; };
		B612C9A618A2F99E00873167 /* CoreData.framework in Frameworks */ = {isa = PBXBuildFile; fileRef = B612C9A518A2F99E00873167 /* CoreData.framework */; };
		B612C9A818A2F9B100873167 /* Security.framework in Frameworks */ = {isa = PBXBuildFile; fileRef = B612C9A718A2F9B100873167 /* Security.framework */; };
		B612C9AA18A2F9BA00873167 /* SystemConfiguration.framework in Frameworks */ = {isa = PBXBuildFile; fileRef = B612C9A918A2F9BA00873167 /* SystemConfiguration.framework */; };
		B612C9AC18A2F9C200873167 /* MobileCoreServices.framework in Frameworks */ = {isa = PBXBuildFile; fileRef = B612C9AB18A2F9C200873167 /* MobileCoreServices.framework */; };
		B612C9AE18A2F9CA00873167 /* CoreLocation.framework in Frameworks */ = {isa = PBXBuildFile; fileRef = B612C9AD18A2F9CA00873167 /* CoreLocation.framework */; };
		B612C9B818A311E100873167 /* FavoriteActivityViewController.m in Sources */ = {isa = PBXBuildFile; fileRef = B612C9B718A311E100873167 /* FavoriteActivityViewController.m */; };
		B612C9B918A311E100873167 /* FavoriteActivityViewController.m in Sources */ = {isa = PBXBuildFile; fileRef = B612C9B718A311E100873167 /* FavoriteActivityViewController.m */; };
		B612C9C518A34F9100873167 /* FLActivityManager.m in Sources */ = {isa = PBXBuildFile; fileRef = B612C9C418A34F9100873167 /* FLActivityManager.m */; };
		B612C9DB18A4323D00873167 /* FLLoginViewController.m in Sources */ = {isa = PBXBuildFile; fileRef = B612C9DA18A4323D00873167 /* FLLoginViewController.m */; };
		B648EBED18AC93BC00F44826 /* FLActivityDetailsViewController.m in Sources */ = {isa = PBXBuildFile; fileRef = B648EBEC18AC93BC00F44826 /* FLActivityDetailsViewController.m */; };
		B648EBEE18AC93BC00F44826 /* FLActivityDetailsViewController.m in Sources */ = {isa = PBXBuildFile; fileRef = B648EBEC18AC93BC00F44826 /* FLActivityDetailsViewController.m */; };
		B648EBF518AC977C00F44826 /* FLActivityItemCollectionCell.m in Sources */ = {isa = PBXBuildFile; fileRef = B648EBF418AC977C00F44826 /* FLActivityItemCollectionCell.m */; };
		B648EBF618AC977C00F44826 /* FLActivityItemCollectionCell.m in Sources */ = {isa = PBXBuildFile; fileRef = B648EBF418AC977C00F44826 /* FLActivityItemCollectionCell.m */; };
		B648EBF918AC988700F44826 /* FLActivitySelectionViewController.m in Sources */ = {isa = PBXBuildFile; fileRef = B648EBF818AC988700F44826 /* FLActivitySelectionViewController.m */; };
		B648EBFA18AC988700F44826 /* FLActivitySelectionViewController.m in Sources */ = {isa = PBXBuildFile; fileRef = B648EBF818AC988700F44826 /* FLActivitySelectionViewController.m */; };
		B648EBFD18AD40D700F44826 /* FLSessionViewController.m in Sources */ = {isa = PBXBuildFile; fileRef = B648EBFC18AD40D700F44826 /* FLSessionViewController.m */; };
		B648EBFE18AD40D700F44826 /* FLSessionViewController.m in Sources */ = {isa = PBXBuildFile; fileRef = B648EBFC18AD40D700F44826 /* FLSessionViewController.m */; };
		B648EC0118AD47D000F44826 /* FLActivityItemCell.m in Sources */ = {isa = PBXBuildFile; fileRef = B648EC0018AD47D000F44826 /* FLActivityItemCell.m */; };
		B65FCC9C18B9579600C9FF7F /* libPods.a in Frameworks */ = {isa = PBXBuildFile; fileRef = B65FCC9B18B9579600C9FF7F /* libPods.a */; };
		B65FCC9D18B959A800C9FF7F /* StoreKit.framework in Frameworks */ = {isa = PBXBuildFile; fileRef = B61054B518B31EC0003AC9E2 /* StoreKit.framework */; };
		B65FCC9E18B959AF00C9FF7F /* QuartzCore.framework in Frameworks */ = {isa = PBXBuildFile; fileRef = B61054B718B31EC7003AC9E2 /* QuartzCore.framework */; };
		B65FCC9F18B959B700C9FF7F /* libz.dylib in Frameworks */ = {isa = PBXBuildFile; fileRef = B61054B918B31EDD003AC9E2 /* libz.dylib */; };
		B65FCCA018B959C100C9FF7F /* CFNetwork.framework in Frameworks */ = {isa = PBXBuildFile; fileRef = B61054BB18B31EE9003AC9E2 /* CFNetwork.framework */; };
		B65FCCA118B959CE00C9FF7F /* AudioToolbox.framework in Frameworks */ = {isa = PBXBuildFile; fileRef = B61054BD18B31F01003AC9E2 /* AudioToolbox.framework */; };
		B65FCCA218B959D400C9FF7F /* Accounts.framework in Frameworks */ = {isa = PBXBuildFile; fileRef = B6E08C9B18A56DD8008C6B8A /* Accounts.framework */; };
		B65FCCA318B959DB00C9FF7F /* AdSupport.framework in Frameworks */ = {isa = PBXBuildFile; fileRef = B6E08C9918A56DD2008C6B8A /* AdSupport.framework */; };
		B65FCCA418B959E100C9FF7F /* Social.framework in Frameworks */ = {isa = PBXBuildFile; fileRef = B6E08C9718A56DCB008C6B8A /* Social.framework */; };
		B65FCCA518B959E800C9FF7F /* CoreLocation.framework in Frameworks */ = {isa = PBXBuildFile; fileRef = B612C9AD18A2F9CA00873167 /* CoreLocation.framework */; };
		B65FCCA618B959F700C9FF7F /* MobileCoreServices.framework in Frameworks */ = {isa = PBXBuildFile; fileRef = B612C9AB18A2F9C200873167 /* MobileCoreServices.framework */; };
		B65FCCA718B959FD00C9FF7F /* SystemConfiguration.framework in Frameworks */ = {isa = PBXBuildFile; fileRef = B612C9A918A2F9BA00873167 /* SystemConfiguration.framework */; };
		B65FCCA818B95A0700C9FF7F /* Security.framework in Frameworks */ = {isa = PBXBuildFile; fileRef = B612C9A718A2F9B100873167 /* Security.framework */; };
		B65FCCA918B95A0E00C9FF7F /* CoreGraphics.framework in Frameworks */ = {isa = PBXBuildFile; fileRef = B6117DB718A2A7C30004826A /* CoreGraphics.framework */; };
		B65FCCAA18B95A8300C9FF7F /* FLActivityItemCell.m in Sources */ = {isa = PBXBuildFile; fileRef = B648EC0018AD47D000F44826 /* FLActivityItemCell.m */; };
		B65FCCAB18B95A8300C9FF7F /* FLActivityManager.m in Sources */ = {isa = PBXBuildFile; fileRef = B612C9C418A34F9100873167 /* FLActivityManager.m */; };
		B65FCCAC18B95A8300C9FF7F /* ActivityViewController.m in Sources */ = {isa = PBXBuildFile; fileRef = B697995618A2DCA5000AA95C /* ActivityViewController.m */; };
		B65FCCAD18B95A8300C9FF7F /* ActivityLogViewController.m in Sources */ = {isa = PBXBuildFile; fileRef = B697996018A2DD15000AA95C /* ActivityLogViewController.m */; };
		B65FCCAE18B95A8300C9FF7F /* SettingsViewController.m in Sources */ = {isa = PBXBuildFile; fileRef = B697996318A2DD2D000AA95C /* SettingsViewController.m */; };
		B65FCCAF18B95A8300C9FF7F /* FLLoginViewController.m in Sources */ = {isa = PBXBuildFile; fileRef = B612C9DA18A4323D00873167 /* FLLoginViewController.m */; };
		B65FCCB318B95E6E00C9FF7F /* FLActivityTypeTests.m in Sources */ = {isa = PBXBuildFile; fileRef = B65FCCB218B95E6E00C9FF7F /* FLActivityTypeTests.m */; };
		B697995718A2DCA5000AA95C /* ActivityViewController.m in Sources */ = {isa = PBXBuildFile; fileRef = B697995618A2DCA5000AA95C /* ActivityViewController.m */; };
		B697996118A2DD15000AA95C /* ActivityLogViewController.m in Sources */ = {isa = PBXBuildFile; fileRef = B697996018A2DD15000AA95C /* ActivityLogViewController.m */; };
		B697996418A2DD2D000AA95C /* SettingsViewController.m in Sources */ = {isa = PBXBuildFile; fileRef = B697996318A2DD2D000AA95C /* SettingsViewController.m */; };
		B6E08C9518A56A0E008C6B8A /* FLUserManager.m in Sources */ = {isa = PBXBuildFile; fileRef = B6E08C9418A56A0E008C6B8A /* FLUserManager.m */; };
		B6E08C9618A56A0E008C6B8A /* FLUserManager.m in Sources */ = {isa = PBXBuildFile; fileRef = B6E08C9418A56A0E008C6B8A /* FLUserManager.m */; };
		B6E08C9818A56DCB008C6B8A /* Social.framework in Frameworks */ = {isa = PBXBuildFile; fileRef = B6E08C9718A56DCB008C6B8A /* Social.framework */; };
		B6E08C9A18A56DD2008C6B8A /* AdSupport.framework in Frameworks */ = {isa = PBXBuildFile; fileRef = B6E08C9918A56DD2008C6B8A /* AdSupport.framework */; };
		B6E08C9C18A56DD8008C6B8A /* Accounts.framework in Frameworks */ = {isa = PBXBuildFile; fileRef = B6E08C9B18A56DD8008C6B8A /* Accounts.framework */; };
		B6E08CA218A6DB34008C6B8A /* FLActivityListViewController.m in Sources */ = {isa = PBXBuildFile; fileRef = B6E08CA118A6DB34008C6B8A /* FLActivityListViewController.m */; };
		B6E08CA318A6DB34008C6B8A /* FLActivityListViewController.m in Sources */ = {isa = PBXBuildFile; fileRef = B6E08CA118A6DB34008C6B8A /* FLActivityListViewController.m */; };
		C5E42671460640899A89CE66 /* libPods.a in Frameworks */ = {isa = PBXBuildFile; fileRef = E9A31FB4D7B24B8C90380F49 /* libPods.a */; };
/* End PBXBuildFile section */

/* Begin PBXContainerItemProxy section */
		B6117DDB18A2A7C30004826A /* PBXContainerItemProxy */ = {
			isa = PBXContainerItemProxy;
			containerPortal = B6117DAA18A2A7C30004826A /* Project object */;
			proxyType = 1;
			remoteGlobalIDString = B6117DB118A2A7C30004826A;
			remoteInfo = fitlog;
		};
/* End PBXContainerItemProxy section */

/* Begin PBXFileReference section */
		B61054AA18B31D51003AC9E2 /* Parse.framework */ = {isa = PBXFileReference; lastKnownFileType = wrapper.framework; path = Parse.framework; sourceTree = "<group>"; };
		B61054AD18B31E2B003AC9E2 /* FLUser.h */ = {isa = PBXFileReference; fileEncoding = 4; lastKnownFileType = sourcecode.c.h; path = FLUser.h; sourceTree = "<group>"; };
		B61054AE18B31E2B003AC9E2 /* FLUser.m */ = {isa = PBXFileReference; fileEncoding = 4; lastKnownFileType = sourcecode.c.objc; path = FLUser.m; sourceTree = "<group>"; };
		B61054B118B31E44003AC9E2 /* FLActivityType.h */ = {isa = PBXFileReference; fileEncoding = 4; lastKnownFileType = sourcecode.c.h; path = FLActivityType.h; sourceTree = "<group>"; };
		B61054B218B31E44003AC9E2 /* FLActivityType.m */ = {isa = PBXFileReference; fileEncoding = 4; lastKnownFileType = sourcecode.c.objc; path = FLActivityType.m; sourceTree = "<group>"; };
		B61054B518B31EC0003AC9E2 /* StoreKit.framework */ = {isa = PBXFileReference; lastKnownFileType = wrapper.framework; name = StoreKit.framework; path = System/Library/Frameworks/StoreKit.framework; sourceTree = SDKROOT; };
		B61054B718B31EC7003AC9E2 /* QuartzCore.framework */ = {isa = PBXFileReference; lastKnownFileType = wrapper.framework; name = QuartzCore.framework; path = System/Library/Frameworks/QuartzCore.framework; sourceTree = SDKROOT; };
		B61054B918B31EDD003AC9E2 /* libz.dylib */ = {isa = PBXFileReference; lastKnownFileType = "compiled.mach-o.dylib"; name = libz.dylib; path = usr/lib/libz.dylib; sourceTree = SDKROOT; };
		B61054BB18B31EE9003AC9E2 /* CFNetwork.framework */ = {isa = PBXFileReference; lastKnownFileType = wrapper.framework; name = CFNetwork.framework; path = System/Library/Frameworks/CFNetwork.framework; sourceTree = SDKROOT; };
		B61054BD18B31F01003AC9E2 /* AudioToolbox.framework */ = {isa = PBXFileReference; lastKnownFileType = wrapper.framework; name = AudioToolbox.framework; path = System/Library/Frameworks/AudioToolbox.framework; sourceTree = SDKROOT; };
		B6117DB218A2A7C30004826A /* fitlog.app */ = {isa = PBXFileReference; explicitFileType = wrapper.application; includeInIndex = 0; path = fitlog.app; sourceTree = BUILT_PRODUCTS_DIR; };
		B6117DB518A2A7C30004826A /* Foundation.framework */ = {isa = PBXFileReference; lastKnownFileType = wrapper.framework; name = Foundation.framework; path = System/Library/Frameworks/Foundation.framework; sourceTree = SDKROOT; };
		B6117DB718A2A7C30004826A /* CoreGraphics.framework */ = {isa = PBXFileReference; lastKnownFileType = wrapper.framework; name = CoreGraphics.framework; path = System/Library/Frameworks/CoreGraphics.framework; sourceTree = SDKROOT; };
		B6117DB918A2A7C30004826A /* UIKit.framework */ = {isa = PBXFileReference; lastKnownFileType = wrapper.framework; name = UIKit.framework; path = System/Library/Frameworks/UIKit.framework; sourceTree = SDKROOT; };
		B6117DBD18A2A7C30004826A /* fitlog-Info.plist */ = {isa = PBXFileReference; lastKnownFileType = text.plist.xml; path = "fitlog-Info.plist"; sourceTree = "<group>"; };
		B6117DBF18A2A7C30004826A /* en */ = {isa = PBXFileReference; lastKnownFileType = text.plist.strings; name = en; path = en.lproj/InfoPlist.strings; sourceTree = "<group>"; };
		B6117DC118A2A7C30004826A /* main.m */ = {isa = PBXFileReference; lastKnownFileType = sourcecode.c.objc; path = main.m; sourceTree = "<group>"; };
		B6117DC318A2A7C30004826A /* fitlog-Prefix.pch */ = {isa = PBXFileReference; lastKnownFileType = sourcecode.c.h; path = "fitlog-Prefix.pch"; sourceTree = "<group>"; };
		B6117DC418A2A7C30004826A /* AppDelegate.h */ = {isa = PBXFileReference; lastKnownFileType = sourcecode.c.h; path = AppDelegate.h; sourceTree = "<group>"; };
		B6117DC518A2A7C30004826A /* AppDelegate.m */ = {isa = PBXFileReference; lastKnownFileType = sourcecode.c.objc; path = AppDelegate.m; sourceTree = "<group>"; };
		B6117DC818A2A7C30004826A /* Base */ = {isa = PBXFileReference; lastKnownFileType = file.storyboard; name = Base; path = Base.lproj/Main.storyboard; sourceTree = "<group>"; };
		B6117DD018A2A7C30004826A /* Images.xcassets */ = {isa = PBXFileReference; lastKnownFileType = folder.assetcatalog; path = Images.xcassets; sourceTree = "<group>"; };
		B6117DD618A2A7C30004826A /* fitlogTests.xctest */ = {isa = PBXFileReference; explicitFileType = wrapper.cfbundle; includeInIndex = 0; path = fitlogTests.xctest; sourceTree = BUILT_PRODUCTS_DIR; };
		B6117DD718A2A7C30004826A /* XCTest.framework */ = {isa = PBXFileReference; lastKnownFileType = wrapper.framework; name = XCTest.framework; path = Library/Frameworks/XCTest.framework; sourceTree = DEVELOPER_DIR; };
		B6117DDF18A2A7C30004826A /* fitlogTests-Info.plist */ = {isa = PBXFileReference; lastKnownFileType = text.plist.xml; path = "fitlogTests-Info.plist"; sourceTree = "<group>"; };
		B6117DE118A2A7C30004826A /* en */ = {isa = PBXFileReference; lastKnownFileType = text.plist.strings; name = en; path = en.lproj/InfoPlist.strings; sourceTree = "<group>"; };
		B6117DE318A2A7C30004826A /* fitlogTests.m */ = {isa = PBXFileReference; lastKnownFileType = sourcecode.c.objc; path = fitlogTests.m; sourceTree = "<group>"; };
		B612C9A518A2F99E00873167 /* CoreData.framework */ = {isa = PBXFileReference; lastKnownFileType = wrapper.framework; name = CoreData.framework; path = System/Library/Frameworks/CoreData.framework; sourceTree = SDKROOT; };
		B612C9A718A2F9B100873167 /* Security.framework */ = {isa = PBXFileReference; lastKnownFileType = wrapper.framework; name = Security.framework; path = System/Library/Frameworks/Security.framework; sourceTree = SDKROOT; };
		B612C9A918A2F9BA00873167 /* SystemConfiguration.framework */ = {isa = PBXFileReference; lastKnownFileType = wrapper.framework; name = SystemConfiguration.framework; path = System/Library/Frameworks/SystemConfiguration.framework; sourceTree = SDKROOT; };
		B612C9AB18A2F9C200873167 /* MobileCoreServices.framework */ = {isa = PBXFileReference; lastKnownFileType = wrapper.framework; name = MobileCoreServices.framework; path = System/Library/Frameworks/MobileCoreServices.framework; sourceTree = SDKROOT; };
		B612C9AD18A2F9CA00873167 /* CoreLocation.framework */ = {isa = PBXFileReference; lastKnownFileType = wrapper.framework; name = CoreLocation.framework; path = System/Library/Frameworks/CoreLocation.framework; sourceTree = SDKROOT; };
		B612C9B618A311E100873167 /* FavoriteActivityViewController.h */ = {isa = PBXFileReference; fileEncoding = 4; lastKnownFileType = sourcecode.c.h; path = FavoriteActivityViewController.h; sourceTree = "<group>"; };
		B612C9B718A311E100873167 /* FavoriteActivityViewController.m */ = {isa = PBXFileReference; fileEncoding = 4; lastKnownFileType = sourcecode.c.objc; path = FavoriteActivityViewController.m; sourceTree = "<group>"; };
		B612C9C318A34F9100873167 /* FLActivityManager.h */ = {isa = PBXFileReference; fileEncoding = 4; lastKnownFileType = sourcecode.c.h; path = FLActivityManager.h; sourceTree = "<group>"; };
		B612C9C418A34F9100873167 /* FLActivityManager.m */ = {isa = PBXFileReference; fileEncoding = 4; lastKnownFileType = sourcecode.c.objc; path = FLActivityManager.m; sourceTree = "<group>"; };
		B612C9D918A4323D00873167 /* FLLoginViewController.h */ = {isa = PBXFileReference; fileEncoding = 4; lastKnownFileType = sourcecode.c.h; path = FLLoginViewController.h; sourceTree = "<group>"; };
		B612C9DA18A4323D00873167 /* FLLoginViewController.m */ = {isa = PBXFileReference; fileEncoding = 4; lastKnownFileType = sourcecode.c.objc; path = FLLoginViewController.m; sourceTree = "<group>"; };
		B648EBEB18AC93BC00F44826 /* FLActivityDetailsViewController.h */ = {isa = PBXFileReference; fileEncoding = 4; lastKnownFileType = sourcecode.c.h; path = FLActivityDetailsViewController.h; sourceTree = "<group>"; };
		B648EBEC18AC93BC00F44826 /* FLActivityDetailsViewController.m */ = {isa = PBXFileReference; fileEncoding = 4; lastKnownFileType = sourcecode.c.objc; path = FLActivityDetailsViewController.m; sourceTree = "<group>"; };
		B648EBF318AC977C00F44826 /* FLActivityItemCollectionCell.h */ = {isa = PBXFileReference; fileEncoding = 4; lastKnownFileType = sourcecode.c.h; path = FLActivityItemCollectionCell.h; sourceTree = "<group>"; };
		B648EBF418AC977C00F44826 /* FLActivityItemCollectionCell.m */ = {isa = PBXFileReference; fileEncoding = 4; lastKnownFileType = sourcecode.c.objc; path = FLActivityItemCollectionCell.m; sourceTree = "<group>"; };
		B648EBF718AC988700F44826 /* FLActivitySelectionViewController.h */ = {isa = PBXFileReference; fileEncoding = 4; lastKnownFileType = sourcecode.c.h; path = FLActivitySelectionViewController.h; sourceTree = "<group>"; };
		B648EBF818AC988700F44826 /* FLActivitySelectionViewController.m */ = {isa = PBXFileReference; fileEncoding = 4; lastKnownFileType = sourcecode.c.objc; path = FLActivitySelectionViewController.m; sourceTree = "<group>"; };
		B648EBFB18AD40D700F44826 /* FLSessionViewController.h */ = {isa = PBXFileReference; fileEncoding = 4; lastKnownFileType = sourcecode.c.h; path = FLSessionViewController.h; sourceTree = "<group>"; };
		B648EBFC18AD40D700F44826 /* FLSessionViewController.m */ = {isa = PBXFileReference; fileEncoding = 4; lastKnownFileType = sourcecode.c.objc; path = FLSessionViewController.m; sourceTree = "<group>"; };
		B648EBFF18AD47D000F44826 /* FLActivityItemCell.h */ = {isa = PBXFileReference; fileEncoding = 4; lastKnownFileType = sourcecode.c.h; path = FLActivityItemCell.h; sourceTree = "<group>"; };
		B648EC0018AD47D000F44826 /* FLActivityItemCell.m */ = {isa = PBXFileReference; fileEncoding = 4; lastKnownFileType = sourcecode.c.objc; path = FLActivityItemCell.m; sourceTree = "<group>"; };
		B65FCC9B18B9579600C9FF7F /* libPods.a */ = {isa = PBXFileReference; lastKnownFileType = archive.ar; name = libPods.a; path = "Pods/build/Debug-iphoneos/libPods.a"; sourceTree = "<group>"; };
		B65FCCB218B95E6E00C9FF7F /* FLActivityTypeTests.m */ = {isa = PBXFileReference; fileEncoding = 4; lastKnownFileType = sourcecode.c.objc; path = FLActivityTypeTests.m; sourceTree = "<group>"; };
		B697995518A2DCA5000AA95C /* ActivityViewController.h */ = {isa = PBXFileReference; fileEncoding = 4; lastKnownFileType = sourcecode.c.h; path = ActivityViewController.h; sourceTree = "<group>"; };
		B697995618A2DCA5000AA95C /* ActivityViewController.m */ = {isa = PBXFileReference; fileEncoding = 4; lastKnownFileType = sourcecode.c.objc; path = ActivityViewController.m; sourceTree = "<group>"; };
		B697995F18A2DD15000AA95C /* ActivityLogViewController.h */ = {isa = PBXFileReference; fileEncoding = 4; lastKnownFileType = sourcecode.c.h; path = ActivityLogViewController.h; sourceTree = "<group>"; };
		B697996018A2DD15000AA95C /* ActivityLogViewController.m */ = {isa = PBXFileReference; fileEncoding = 4; lastKnownFileType = sourcecode.c.objc; path = ActivityLogViewController.m; sourceTree = "<group>"; };
		B697996218A2DD2D000AA95C /* SettingsViewController.h */ = {isa = PBXFileReference; fileEncoding = 4; lastKnownFileType = sourcecode.c.h; path = SettingsViewController.h; sourceTree = "<group>"; };
		B697996318A2DD2D000AA95C /* SettingsViewController.m */ = {isa = PBXFileReference; fileEncoding = 4; lastKnownFileType = sourcecode.c.objc; path = SettingsViewController.m; sourceTree = "<group>"; };
		B6E08C9218A54EB8008C6B8A /* FLLoginDelegate.h */ = {isa = PBXFileReference; fileEncoding = 4; lastKnownFileType = sourcecode.c.h; path = FLLoginDelegate.h; sourceTree = "<group>"; };
		B6E08C9318A56A0E008C6B8A /* FLUserManager.h */ = {isa = PBXFileReference; fileEncoding = 4; lastKnownFileType = sourcecode.c.h; path = FLUserManager.h; sourceTree = "<group>"; };
		B6E08C9418A56A0E008C6B8A /* FLUserManager.m */ = {isa = PBXFileReference; fileEncoding = 4; lastKnownFileType = sourcecode.c.objc; path = FLUserManager.m; sourceTree = "<group>"; };
		B6E08C9718A56DCB008C6B8A /* Social.framework */ = {isa = PBXFileReference; lastKnownFileType = wrapper.framework; name = Social.framework; path = System/Library/Frameworks/Social.framework; sourceTree = SDKROOT; };
		B6E08C9918A56DD2008C6B8A /* AdSupport.framework */ = {isa = PBXFileReference; lastKnownFileType = wrapper.framework; name = AdSupport.framework; path = System/Library/Frameworks/AdSupport.framework; sourceTree = SDKROOT; };
		B6E08C9B18A56DD8008C6B8A /* Accounts.framework */ = {isa = PBXFileReference; lastKnownFileType = wrapper.framework; name = Accounts.framework; path = System/Library/Frameworks/Accounts.framework; sourceTree = SDKROOT; };
		B6E08CA018A6DB34008C6B8A /* FLActivityListViewController.h */ = {isa = PBXFileReference; fileEncoding = 4; lastKnownFileType = sourcecode.c.h; path = FLActivityListViewController.h; sourceTree = "<group>"; };
		B6E08CA118A6DB34008C6B8A /* FLActivityListViewController.m */ = {isa = PBXFileReference; fileEncoding = 4; lastKnownFileType = sourcecode.c.objc; path = FLActivityListViewController.m; sourceTree = "<group>"; };
		E96DEA59AF7F46DF8B26C1F5 /* Pods.xcconfig */ = {isa = PBXFileReference; includeInIndex = 1; lastKnownFileType = text.xcconfig; name = Pods.xcconfig; path = Pods/Pods.xcconfig; sourceTree = "<group>"; };
		E9A31FB4D7B24B8C90380F49 /* libPods.a */ = {isa = PBXFileReference; explicitFileType = archive.ar; includeInIndex = 0; path = libPods.a; sourceTree = BUILT_PRODUCTS_DIR; };
/* End PBXFileReference section */

/* Begin PBXFrameworksBuildPhase section */
		B6117DAF18A2A7C30004826A /* Frameworks */ = {
			isa = PBXFrameworksBuildPhase;
			buildActionMask = 2147483647;
			files = (
				B61054B618B31EC0003AC9E2 /* StoreKit.framework in Frameworks */,
				B61054B818B31EC7003AC9E2 /* QuartzCore.framework in Frameworks */,
				B61054BA18B31EDD003AC9E2 /* libz.dylib in Frameworks */,
				B61054BC18B31EE9003AC9E2 /* CFNetwork.framework in Frameworks */,
				B61054BE18B31F01003AC9E2 /* AudioToolbox.framework in Frameworks */,
				B6E08C9C18A56DD8008C6B8A /* Accounts.framework in Frameworks */,
				B6E08C9A18A56DD2008C6B8A /* AdSupport.framework in Frameworks */,
				B6E08C9818A56DCB008C6B8A /* Social.framework in Frameworks */,
				B612C9AE18A2F9CA00873167 /* CoreLocation.framework in Frameworks */,
				B612C9AC18A2F9C200873167 /* MobileCoreServices.framework in Frameworks */,
				B612C9AA18A2F9BA00873167 /* SystemConfiguration.framework in Frameworks */,
				B61054AB18B31D51003AC9E2 /* Parse.framework in Frameworks */,
				B612C9A818A2F9B100873167 /* Security.framework in Frameworks */,
				B612C9A618A2F99E00873167 /* CoreData.framework in Frameworks */,
				B6117DB818A2A7C30004826A /* CoreGraphics.framework in Frameworks */,
				B6117DBA18A2A7C30004826A /* UIKit.framework in Frameworks */,
				B6117DB618A2A7C30004826A /* Foundation.framework in Frameworks */,
				C5E42671460640899A89CE66 /* libPods.a in Frameworks */,
			);
			runOnlyForDeploymentPostprocessing = 0;
		};
		B6117DD318A2A7C30004826A /* Frameworks */ = {
			isa = PBXFrameworksBuildPhase;
			buildActionMask = 2147483647;
			files = (
				B65FCCA918B95A0E00C9FF7F /* CoreGraphics.framework in Frameworks */,
				B65FCCA818B95A0700C9FF7F /* Security.framework in Frameworks */,
				B65FCCA718B959FD00C9FF7F /* SystemConfiguration.framework in Frameworks */,
				B65FCCA618B959F700C9FF7F /* MobileCoreServices.framework in Frameworks */,
				B65FCCA518B959E800C9FF7F /* CoreLocation.framework in Frameworks */,
				B65FCCA418B959E100C9FF7F /* Social.framework in Frameworks */,
				B65FCCA318B959DB00C9FF7F /* AdSupport.framework in Frameworks */,
				B65FCCA218B959D400C9FF7F /* Accounts.framework in Frameworks */,
				B65FCCA118B959CE00C9FF7F /* AudioToolbox.framework in Frameworks */,
				B65FCCA018B959C100C9FF7F /* CFNetwork.framework in Frameworks */,
				B65FCC9F18B959B700C9FF7F /* libz.dylib in Frameworks */,
				B65FCC9E18B959AF00C9FF7F /* QuartzCore.framework in Frameworks */,
				B65FCC9D18B959A800C9FF7F /* StoreKit.framework in Frameworks */,
				B65FCC9C18B9579600C9FF7F /* libPods.a in Frameworks */,
				B6117DD818A2A7C30004826A /* XCTest.framework in Frameworks */,
				B6117DDA18A2A7C30004826A /* UIKit.framework in Frameworks */,
				B61054AC18B31D51003AC9E2 /* Parse.framework in Frameworks */,
				B6117DD918A2A7C30004826A /* Foundation.framework in Frameworks */,
			);
			runOnlyForDeploymentPostprocessing = 0;
		};
/* End PBXFrameworksBuildPhase section */

/* Begin PBXGroup section */
		B6117DA918A2A7C30004826A = {
			isa = PBXGroup;
			children = (
				B6117DBB18A2A7C30004826A /* fitlog */,
				B6117DDD18A2A7C30004826A /* fitlogTests */,
				B6117DB418A2A7C30004826A /* Frameworks */,
				B6117DB318A2A7C30004826A /* Products */,
				E96DEA59AF7F46DF8B26C1F5 /* Pods.xcconfig */,
			);
			sourceTree = "<group>";
		};
		B6117DB318A2A7C30004826A /* Products */ = {
			isa = PBXGroup;
			children = (
				B6117DB218A2A7C30004826A /* fitlog.app */,
				B6117DD618A2A7C30004826A /* fitlogTests.xctest */,
			);
			name = Products;
			sourceTree = "<group>";
		};
		B6117DB418A2A7C30004826A /* Frameworks */ = {
			isa = PBXGroup;
			children = (
				B65FCC9B18B9579600C9FF7F /* libPods.a */,
				B61054BD18B31F01003AC9E2 /* AudioToolbox.framework */,
				B61054BB18B31EE9003AC9E2 /* CFNetwork.framework */,
				B61054B918B31EDD003AC9E2 /* libz.dylib */,
				B61054B718B31EC7003AC9E2 /* QuartzCore.framework */,
				B61054B518B31EC0003AC9E2 /* StoreKit.framework */,
				B61054AA18B31D51003AC9E2 /* Parse.framework */,
				B6E08C9B18A56DD8008C6B8A /* Accounts.framework */,
				B6E08C9918A56DD2008C6B8A /* AdSupport.framework */,
				B6E08C9718A56DCB008C6B8A /* Social.framework */,
				B612C9AD18A2F9CA00873167 /* CoreLocation.framework */,
				B612C9AB18A2F9C200873167 /* MobileCoreServices.framework */,
				B612C9A918A2F9BA00873167 /* SystemConfiguration.framework */,
				B612C9A718A2F9B100873167 /* Security.framework */,
				B612C9A518A2F99E00873167 /* CoreData.framework */,
				B6117DB518A2A7C30004826A /* Foundation.framework */,
				B6117DB718A2A7C30004826A /* CoreGraphics.framework */,
				B6117DB918A2A7C30004826A /* UIKit.framework */,
				B6117DD718A2A7C30004826A /* XCTest.framework */,
				E9A31FB4D7B24B8C90380F49 /* libPods.a */,
			);
			name = Frameworks;
			sourceTree = "<group>";
		};
		B6117DBB18A2A7C30004826A /* fitlog */ = {
			isa = PBXGroup;
			children = (
				B697995B18A2DCC1000AA95C /* Helpers */,
				B697995A18A2DCBA000AA95C /* Views */,
				B697995918A2DCB2000AA95C /* Models */,
				B697995818A2DCAB000AA95C /* Controllers */,
				B6117DD018A2A7C30004826A /* Images.xcassets */,
				B6117DBC18A2A7C30004826A /* Supporting Files */,
			);
			path = fitlog;
			sourceTree = "<group>";
		};
		B6117DBC18A2A7C30004826A /* Supporting Files */ = {
			isa = PBXGroup;
			children = (
				B6117DBD18A2A7C30004826A /* fitlog-Info.plist */,
				B6117DBE18A2A7C30004826A /* InfoPlist.strings */,
				B6117DC118A2A7C30004826A /* main.m */,
				B6117DC318A2A7C30004826A /* fitlog-Prefix.pch */,
			);
			name = "Supporting Files";
			sourceTree = "<group>";
		};
		B6117DDD18A2A7C30004826A /* fitlogTests */ = {
			isa = PBXGroup;
			children = (
				B65FCCB218B95E6E00C9FF7F /* FLActivityTypeTests.m */,
				B6117DE318A2A7C30004826A /* fitlogTests.m */,
				B6117DDE18A2A7C30004826A /* Supporting Files */,
			);
			path = fitlogTests;
			sourceTree = "<group>";
		};
		B6117DDE18A2A7C30004826A /* Supporting Files */ = {
			isa = PBXGroup;
			children = (
				B6117DDF18A2A7C30004826A /* fitlogTests-Info.plist */,
				B6117DE018A2A7C30004826A /* InfoPlist.strings */,
			);
			name = "Supporting Files";
			sourceTree = "<group>";
		};
		B648EBEF18AC93FA00F44826 /* Tab 1 */ = {
			isa = PBXGroup;
			children = (
				B648EBF718AC988700F44826 /* FLActivitySelectionViewController.h */,
				B648EBF818AC988700F44826 /* FLActivitySelectionViewController.m */,
				B6E08CA018A6DB34008C6B8A /* FLActivityListViewController.h */,
				B6E08CA118A6DB34008C6B8A /* FLActivityListViewController.m */,
				B648EBEB18AC93BC00F44826 /* FLActivityDetailsViewController.h */,
				B648EBEC18AC93BC00F44826 /* FLActivityDetailsViewController.m */,
				B648EBFB18AD40D700F44826 /* FLSessionViewController.h */,
				B648EBFC18AD40D700F44826 /* FLSessionViewController.m */,
			);
			name = "Tab 1";
			sourceTree = "<group>";
		};
		B648EBF018AC941C00F44826 /* Tab 2 */ = {
			isa = PBXGroup;
			children = (
			);
			name = "Tab 2";
			sourceTree = "<group>";
		};
		B648EBF118AC942100F44826 /* Tab 3 */ = {
			isa = PBXGroup;
			children = (
				B697995F18A2DD15000AA95C /* ActivityLogViewController.h */,
				B697996018A2DD15000AA95C /* ActivityLogViewController.m */,
			);
			name = "Tab 3";
			sourceTree = "<group>";
		};
		B648EBF218AC942800F44826 /* Tab 4 */ = {
			isa = PBXGroup;
			children = (
				B697996218A2DD2D000AA95C /* SettingsViewController.h */,
				B697996318A2DD2D000AA95C /* SettingsViewController.m */,
				B612C9B618A311E100873167 /* FavoriteActivityViewController.h */,
				B612C9B718A311E100873167 /* FavoriteActivityViewController.m */,
				B612C9D918A4323D00873167 /* FLLoginViewController.h */,
				B612C9DA18A4323D00873167 /* FLLoginViewController.m */,
			);
			name = "Tab 4";
			sourceTree = "<group>";
		};
		B697995818A2DCAB000AA95C /* Controllers */ = {
			isa = PBXGroup;
			children = (
				B697995518A2DCA5000AA95C /* ActivityViewController.h */,
				B697995618A2DCA5000AA95C /* ActivityViewController.m */,
				B648EBEF18AC93FA00F44826 /* Tab 1 */,
				B648EBF018AC941C00F44826 /* Tab 2 */,
				B648EBF118AC942100F44826 /* Tab 3 */,
				B648EBF218AC942800F44826 /* Tab 4 */,
			);
			name = Controllers;
			sourceTree = "<group>";
		};
		B697995918A2DCB2000AA95C /* Models */ = {
			isa = PBXGroup;
			children = (
				B612C9C318A34F9100873167 /* FLActivityManager.h */,
				B612C9C418A34F9100873167 /* FLActivityManager.m */,
				B6E08C9318A56A0E008C6B8A /* FLUserManager.h */,
				B6E08C9418A56A0E008C6B8A /* FLUserManager.m */,
				B61054AD18B31E2B003AC9E2 /* FLUser.h */,
				B61054AE18B31E2B003AC9E2 /* FLUser.m */,
				B61054B118B31E44003AC9E2 /* FLActivityType.h */,
				B61054B218B31E44003AC9E2 /* FLActivityType.m */,
			);
			name = Models;
			sourceTree = "<group>";
		};
		B697995A18A2DCBA000AA95C /* Views */ = {
			isa = PBXGroup;
			children = (
				B6117DC718A2A7C30004826A /* Main.storyboard */,
				B648EBF318AC977C00F44826 /* FLActivityItemCollectionCell.h */,
				B648EBF418AC977C00F44826 /* FLActivityItemCollectionCell.m */,
				B648EBFF18AD47D000F44826 /* FLActivityItemCell.h */,
				B648EC0018AD47D000F44826 /* FLActivityItemCell.m */,
			);
			name = Views;
			sourceTree = "<group>";
		};
		B697995B18A2DCC1000AA95C /* Helpers */ = {
			isa = PBXGroup;
			children = (
				B6117DC418A2A7C30004826A /* AppDelegate.h */,
				B6117DC518A2A7C30004826A /* AppDelegate.m */,
				B6E08C9218A54EB8008C6B8A /* FLLoginDelegate.h */,
			);
			name = Helpers;
			sourceTree = "<group>";
		};
/* End PBXGroup section */

/* Begin PBXNativeTarget section */
		B6117DB118A2A7C30004826A /* fitlog */ = {
			isa = PBXNativeTarget;
			buildConfigurationList = B6117DE718A2A7C30004826A /* Build configuration list for PBXNativeTarget "fitlog" */;
			buildPhases = (
				750766F29D0D4D2983666822 /* Check Pods Manifest.lock */,
				B6117DAE18A2A7C30004826A /* Sources */,
				B6117DAF18A2A7C30004826A /* Frameworks */,
				B6117DB018A2A7C30004826A /* Resources */,
				7076CF0DB3544423B9C81242 /* Copy Pods Resources */,
			);
			buildRules = (
			);
			dependencies = (
			);
			name = fitlog;
			productName = fitlog;
			productReference = B6117DB218A2A7C30004826A /* fitlog.app */;
			productType = "com.apple.product-type.application";
		};
		B6117DD518A2A7C30004826A /* fitlogTests */ = {
			isa = PBXNativeTarget;
			buildConfigurationList = B6117DEA18A2A7C30004826A /* Build configuration list for PBXNativeTarget "fitlogTests" */;
			buildPhases = (
				B6117DD218A2A7C30004826A /* Sources */,
				B6117DD318A2A7C30004826A /* Frameworks */,
				B6117DD418A2A7C30004826A /* Resources */,
			);
			buildRules = (
			);
			dependencies = (
				B6117DDC18A2A7C30004826A /* PBXTargetDependency */,
			);
			name = fitlogTests;
			productName = fitlogTests;
			productReference = B6117DD618A2A7C30004826A /* fitlogTests.xctest */;
			productType = "com.apple.product-type.bundle.unit-test";
		};
/* End PBXNativeTarget section */

/* Begin PBXProject section */
		B6117DAA18A2A7C30004826A /* Project object */ = {
			isa = PBXProject;
			attributes = {
				CLASSPREFIX = FL;
				LastUpgradeCheck = 0500;
				ORGANIZATIONNAME = 109Software;
				TargetAttributes = {
					B6117DD518A2A7C30004826A = {
						TestTargetID = B6117DB118A2A7C30004826A;
					};
				};
			};
			buildConfigurationList = B6117DAD18A2A7C30004826A /* Build configuration list for PBXProject "fitlog" */;
			compatibilityVersion = "Xcode 3.2";
			developmentRegion = English;
			hasScannedForEncodings = 0;
			knownRegions = (
				en,
				Base,
			);
			mainGroup = B6117DA918A2A7C30004826A;
			productRefGroup = B6117DB318A2A7C30004826A /* Products */;
			projectDirPath = "";
			projectRoot = "";
			targets = (
				B6117DB118A2A7C30004826A /* fitlog */,
				B6117DD518A2A7C30004826A /* fitlogTests */,
			);
		};
/* End PBXProject section */

/* Begin PBXResourcesBuildPhase section */
		B6117DB018A2A7C30004826A /* Resources */ = {
			isa = PBXResourcesBuildPhase;
			buildActionMask = 2147483647;
			files = (
				B6117DD118A2A7C30004826A /* Images.xcassets in Resources */,
				B6117DC018A2A7C30004826A /* InfoPlist.strings in Resources */,
				B6117DC918A2A7C30004826A /* Main.storyboard in Resources */,
			);
			runOnlyForDeploymentPostprocessing = 0;
		};
		B6117DD418A2A7C30004826A /* Resources */ = {
			isa = PBXResourcesBuildPhase;
			buildActionMask = 2147483647;
			files = (
				B6117DE218A2A7C30004826A /* InfoPlist.strings in Resources */,
			);
			runOnlyForDeploymentPostprocessing = 0;
		};
/* End PBXResourcesBuildPhase section */

/* Begin PBXShellScriptBuildPhase section */
		7076CF0DB3544423B9C81242 /* Copy Pods Resources */ = {
			isa = PBXShellScriptBuildPhase;
			buildActionMask = 2147483647;
			files = (
			);
			inputPaths = (
			);
			name = "Copy Pods Resources";
			outputPaths = (
			);
			runOnlyForDeploymentPostprocessing = 0;
			shellPath = /bin/sh;
			shellScript = "\"${SRCROOT}/Pods/Pods-resources.sh\"\n";
			showEnvVarsInLog = 0;
		};
		750766F29D0D4D2983666822 /* Check Pods Manifest.lock */ = {
			isa = PBXShellScriptBuildPhase;
			buildActionMask = 2147483647;
			files = (
			);
			inputPaths = (
			);
			name = "Check Pods Manifest.lock";
			outputPaths = (
			);
			runOnlyForDeploymentPostprocessing = 0;
			shellPath = /bin/sh;
			shellScript = "diff \"${PODS_ROOT}/../Podfile.lock\" \"${PODS_ROOT}/Manifest.lock\" > /dev/null\nif [[ $? != 0 ]] ; then\n    cat << EOM\nerror: The sandbox is not in sync with the Podfile.lock. Run 'pod install' or update your CocoaPods installation.\nEOM\n    exit 1\nfi\n";
			showEnvVarsInLog = 0;
		};
/* End PBXShellScriptBuildPhase section */

/* Begin PBXSourcesBuildPhase section */
		B6117DAE18A2A7C30004826A /* Sources */ = {
			isa = PBXSourcesBuildPhase;
			buildActionMask = 2147483647;
			files = (
				B648EBED18AC93BC00F44826 /* FLActivityDetailsViewController.m in Sources */,
				B612C9C518A34F9100873167 /* FLActivityManager.m in Sources */,
				B648EBFD18AD40D700F44826 /* FLSessionViewController.m in Sources */,
				B6117DC618A2A7C30004826A /* AppDelegate.m in Sources */,
				B648EBF518AC977C00F44826 /* FLActivityItemCollectionCell.m in Sources */,
				B6E08C9518A56A0E008C6B8A /* FLUserManager.m in Sources */,
				B697996418A2DD2D000AA95C /* SettingsViewController.m in Sources */,
				B6117DC218A2A7C30004826A /* main.m in Sources */,
				B61054AF18B31E2B003AC9E2 /* FLUser.m in Sources */,
				B61054B318B31E44003AC9E2 /* FLActivityType.m in Sources */,
				B697995718A2DCA5000AA95C /* ActivityViewController.m in Sources */,
				B648EBF918AC988700F44826 /* FLActivitySelectionViewController.m in Sources */,
				B6E08CA218A6DB34008C6B8A /* FLActivityListViewController.m in Sources */,
				B648EC0118AD47D000F44826 /* FLActivityItemCell.m in Sources */,
				B697996118A2DD15000AA95C /* ActivityLogViewController.m in Sources */,
				B612C9B818A311E100873167 /* FavoriteActivityViewController.m in Sources */,
				B612C9DB18A4323D00873167 /* FLLoginViewController.m in Sources */,
			);
			runOnlyForDeploymentPostprocessing = 0;
		};
		B6117DD218A2A7C30004826A /* Sources */ = {
			isa = PBXSourcesBuildPhase;
			buildActionMask = 2147483647;
			files = (
				B65FCCAA18B95A8300C9FF7F /* FLActivityItemCell.m in Sources */,
				B65FCCAB18B95A8300C9FF7F /* FLActivityManager.m in Sources */,
				B65FCCAC18B95A8300C9FF7F /* ActivityViewController.m in Sources */,
				B65FCCAD18B95A8300C9FF7F /* ActivityLogViewController.m in Sources */,
				B65FCCAE18B95A8300C9FF7F /* SettingsViewController.m in Sources */,
				B65FCCB318B95E6E00C9FF7F /* FLActivityTypeTests.m in Sources */,
				B65FCCAF18B95A8300C9FF7F /* FLLoginViewController.m in Sources */,
				B6E08CA318A6DB34008C6B8A /* FLActivityListViewController.m in Sources */,
				B61054B018B31E2B003AC9E2 /* FLUser.m in Sources */,
				B612C9B918A311E100873167 /* FavoriteActivityViewController.m in Sources */,
				B648EBFE18AD40D700F44826 /* FLSessionViewController.m in Sources */,
				B648EBF618AC977C00F44826 /* FLActivityItemCollectionCell.m in Sources */,
				B648EBEE18AC93BC00F44826 /* FLActivityDetailsViewController.m in Sources */,
				B61054B418B31E44003AC9E2 /* FLActivityType.m in Sources */,
				B6E08C9618A56A0E008C6B8A /* FLUserManager.m in Sources */,
				B648EBFA18AC988700F44826 /* FLActivitySelectionViewController.m in Sources */,
				B6117DE418A2A7C30004826A /* fitlogTests.m in Sources */,
			);
			runOnlyForDeploymentPostprocessing = 0;
		};
/* End PBXSourcesBuildPhase section */

/* Begin PBXTargetDependency section */
		B6117DDC18A2A7C30004826A /* PBXTargetDependency */ = {
			isa = PBXTargetDependency;
			target = B6117DB118A2A7C30004826A /* fitlog */;
			targetProxy = B6117DDB18A2A7C30004826A /* PBXContainerItemProxy */;
		};
/* End PBXTargetDependency section */

/* Begin PBXVariantGroup section */
		B6117DBE18A2A7C30004826A /* InfoPlist.strings */ = {
			isa = PBXVariantGroup;
			children = (
				B6117DBF18A2A7C30004826A /* en */,
			);
			name = InfoPlist.strings;
			sourceTree = "<group>";
		};
		B6117DC718A2A7C30004826A /* Main.storyboard */ = {
			isa = PBXVariantGroup;
			children = (
				B6117DC818A2A7C30004826A /* Base */,
			);
			name = Main.storyboard;
			sourceTree = "<group>";
		};
		B6117DE018A2A7C30004826A /* InfoPlist.strings */ = {
			isa = PBXVariantGroup;
			children = (
				B6117DE118A2A7C30004826A /* en */,
			);
			name = InfoPlist.strings;
			sourceTree = "<group>";
		};
/* End PBXVariantGroup section */

/* Begin XCBuildConfiguration section */
		B6117DE518A2A7C30004826A /* Debug */ = {
			isa = XCBuildConfiguration;
			buildSettings = {
				ALWAYS_SEARCH_USER_PATHS = NO;
				ARCHS = "$(ARCHS_STANDARD_INCLUDING_64_BIT)";
				CLANG_CXX_LANGUAGE_STANDARD = "gnu++0x";
				CLANG_CXX_LIBRARY = "libc++";
				CLANG_ENABLE_MODULES = YES;
				CLANG_ENABLE_OBJC_ARC = YES;
				CLANG_WARN_BOOL_CONVERSION = YES;
				CLANG_WARN_CONSTANT_CONVERSION = YES;
				CLANG_WARN_DIRECT_OBJC_ISA_USAGE = YES_ERROR;
				CLANG_WARN_EMPTY_BODY = YES;
				CLANG_WARN_ENUM_CONVERSION = YES;
				CLANG_WARN_INT_CONVERSION = YES;
				CLANG_WARN_OBJC_ROOT_CLASS = YES_ERROR;
				CLANG_WARN__DUPLICATE_METHOD_MATCH = YES;
				"CODE_SIGN_IDENTITY[sdk=iphoneos*]" = "iPhone Developer";
				COPY_PHASE_STRIP = NO;
				GCC_C_LANGUAGE_STANDARD = gnu99;
				GCC_DYNAMIC_NO_PIC = NO;
				GCC_OPTIMIZATION_LEVEL = 0;
				GCC_PREPROCESSOR_DEFINITIONS = (
					"DEBUG=1",
					"$(inherited)",
				);
				GCC_SYMBOLS_PRIVATE_EXTERN = NO;
				GCC_WARN_64_TO_32_BIT_CONVERSION = YES;
				GCC_WARN_ABOUT_RETURN_TYPE = YES_ERROR;
				GCC_WARN_UNDECLARED_SELECTOR = YES;
				GCC_WARN_UNINITIALIZED_AUTOS = YES;
				GCC_WARN_UNUSED_FUNCTION = YES;
				GCC_WARN_UNUSED_VARIABLE = YES;
				IPHONEOS_DEPLOYMENT_TARGET = 7.0;
				ONLY_ACTIVE_ARCH = YES;
				SDKROOT = iphoneos;
			};
			name = Debug;
		};
		B6117DE618A2A7C30004826A /* Release */ = {
			isa = XCBuildConfiguration;
			buildSettings = {
				ALWAYS_SEARCH_USER_PATHS = NO;
				ARCHS = "$(ARCHS_STANDARD_INCLUDING_64_BIT)";
				CLANG_CXX_LANGUAGE_STANDARD = "gnu++0x";
				CLANG_CXX_LIBRARY = "libc++";
				CLANG_ENABLE_MODULES = YES;
				CLANG_ENABLE_OBJC_ARC = YES;
				CLANG_WARN_BOOL_CONVERSION = YES;
				CLANG_WARN_CONSTANT_CONVERSION = YES;
				CLANG_WARN_DIRECT_OBJC_ISA_USAGE = YES_ERROR;
				CLANG_WARN_EMPTY_BODY = YES;
				CLANG_WARN_ENUM_CONVERSION = YES;
				CLANG_WARN_INT_CONVERSION = YES;
				CLANG_WARN_OBJC_ROOT_CLASS = YES_ERROR;
				CLANG_WARN__DUPLICATE_METHOD_MATCH = YES;
				"CODE_SIGN_IDENTITY[sdk=iphoneos*]" = "iPhone Developer";
				COPY_PHASE_STRIP = YES;
				ENABLE_NS_ASSERTIONS = NO;
				GCC_C_LANGUAGE_STANDARD = gnu99;
				GCC_WARN_64_TO_32_BIT_CONVERSION = YES;
				GCC_WARN_ABOUT_RETURN_TYPE = YES_ERROR;
				GCC_WARN_UNDECLARED_SELECTOR = YES;
				GCC_WARN_UNINITIALIZED_AUTOS = YES;
				GCC_WARN_UNUSED_FUNCTION = YES;
				GCC_WARN_UNUSED_VARIABLE = YES;
				IPHONEOS_DEPLOYMENT_TARGET = 7.0;
				SDKROOT = iphoneos;
				VALIDATE_PRODUCT = YES;
			};
			name = Release;
		};
		B6117DE818A2A7C30004826A /* Debug */ = {
			isa = XCBuildConfiguration;
			baseConfigurationReference = E96DEA59AF7F46DF8B26C1F5 /* Pods.xcconfig */;
			buildSettings = {
				ARCHS = "$(ARCHS_STANDARD_INCLUDING_64_BIT)";
				ASSETCATALOG_COMPILER_APPICON_NAME = AppIcon;
				ASSETCATALOG_COMPILER_LAUNCHIMAGE_NAME = LaunchImage;
				FRAMEWORK_SEARCH_PATHS = (
					"$(inherited)",
					"$(SRCROOT)",
				);
				GCC_PRECOMPILE_PREFIX_HEADER = YES;
				GCC_PREFIX_HEADER = "fitlog/fitlog-Prefix.pch";
				INFOPLIST_FILE = "fitlog/fitlog-Info.plist";
				PRODUCT_NAME = "$(TARGET_NAME)";
				WRAPPER_EXTENSION = app;
			};
			name = Debug;
		};
		B6117DE918A2A7C30004826A /* Release */ = {
			isa = XCBuildConfiguration;
			baseConfigurationReference = E96DEA59AF7F46DF8B26C1F5 /* Pods.xcconfig */;
			buildSettings = {
				ARCHS = "$(ARCHS_STANDARD_INCLUDING_64_BIT)";
				ASSETCATALOG_COMPILER_APPICON_NAME = AppIcon;
				ASSETCATALOG_COMPILER_LAUNCHIMAGE_NAME = LaunchImage;
				FRAMEWORK_SEARCH_PATHS = (
					"$(inherited)",
					"$(SRCROOT)",
				);
				GCC_PRECOMPILE_PREFIX_HEADER = YES;
				GCC_PREFIX_HEADER = "fitlog/fitlog-Prefix.pch";
				INFOPLIST_FILE = "fitlog/fitlog-Info.plist";
				PRODUCT_NAME = "$(TARGET_NAME)";
				WRAPPER_EXTENSION = app;
			};
			name = Release;
		};
		B6117DEB18A2A7C30004826A /* Debug */ = {
			isa = XCBuildConfiguration;
			baseConfigurationReference = E96DEA59AF7F46DF8B26C1F5 /* Pods.xcconfig */;
			buildSettings = {
				ARCHS = "$(ARCHS_STANDARD_INCLUDING_64_BIT)";
				BUNDLE_LOADER = "$(BUILT_PRODUCTS_DIR)/fitlog.app/fitlog";
				FRAMEWORK_SEARCH_PATHS = (
					"$(SDKROOT)/Developer/Library/Frameworks",
					"$(inherited)",
					"$(DEVELOPER_FRAMEWORKS_DIR)",
					"$(SRCROOT)",
				);
				GCC_PRECOMPILE_PREFIX_HEADER = YES;
				GCC_PREFIX_HEADER = "fitlog/fitlog-Prefix.pch";
				GCC_PREPROCESSOR_DEFINITIONS = (
					"DEBUG=1",
					"$(inherited)",
				);
				INFOPLIST_FILE = "fitlogTests/fitlogTests-Info.plist";
				PRODUCT_NAME = "$(TARGET_NAME)";
				TEST_HOST = "$(BUNDLE_LOADER)";
				WRAPPER_EXTENSION = xctest;
			};
			name = Debug;
		};
		B6117DEC18A2A7C30004826A /* Release */ = {
			isa = XCBuildConfiguration;
			buildSettings = {
				ARCHS = "$(ARCHS_STANDARD_INCLUDING_64_BIT)";
				BUNDLE_LOADER = "$(BUILT_PRODUCTS_DIR)/fitlog.app/fitlog";
				FRAMEWORK_SEARCH_PATHS = (
					"$(SDKROOT)/Developer/Library/Frameworks",
					"$(inherited)",
					"$(DEVELOPER_FRAMEWORKS_DIR)",
					"$(SRCROOT)",
				);
				GCC_PRECOMPILE_PREFIX_HEADER = YES;
				GCC_PREFIX_HEADER = "fitlog/fitlog-Prefix.pch";
				INFOPLIST_FILE = "fitlogTests/fitlogTests-Info.plist";
				PRODUCT_NAME = "$(TARGET_NAME)";
				TEST_HOST = "$(BUNDLE_LOADER)";
				WRAPPER_EXTENSION = xctest;
			};
			name = Release;
		};
/* End XCBuildConfiguration section */

/* Begin XCConfigurationList section */
		B6117DAD18A2A7C30004826A /* Build configuration list for PBXProject "fitlog" */ = {
			isa = XCConfigurationList;
			buildConfigurations = (
				B6117DE518A2A7C30004826A /* Debug */,
				B6117DE618A2A7C30004826A /* Release */,
			);
			defaultConfigurationIsVisible = 0;
			defaultConfigurationName = Release;
		};
		B6117DE718A2A7C30004826A /* Build configuration list for PBXNativeTarget "fitlog" */ = {
			isa = XCConfigurationList;
			buildConfigurations = (
				B6117DE818A2A7C30004826A /* Debug */,
				B6117DE918A2A7C30004826A /* Release */,
			);
			defaultConfigurationIsVisible = 0;
			defaultConfigurationName = Release;
		};
		B6117DEA18A2A7C30004826A /* Build configuration list for PBXNativeTarget "fitlogTests" */ = {
			isa = XCConfigurationList;
			buildConfigurations = (
				B6117DEB18A2A7C30004826A /* Debug */,
				B6117DEC18A2A7C30004826A /* Release */,
			);
			defaultConfigurationIsVisible = 0;
			defaultConfigurationName = Release;
		};
/* End XCConfigurationList section */
	};
	rootObject = B6117DAA18A2A7C30004826A /* Project object */;
}
